{
  "name": "example",
  "version": "1.0.0",
  "lockfileVersion": 1,
  "requires": true,
  "dependencies": {
    "metarhia-common": {
      "version": "0.0.22",
      "resolved": "https://registry.npmjs.org/metarhia-common/-/metarhia-common-0.0.22.tgz",
      "integrity": "sha512-KKOyGGEHVBYkvqpPT1t3v3NiGkHK30frQRWToF4mu8L0vJz7qfanjoXRK7H63TdE2FQ5SrTFXJvRPYPMmGq+WQ=="
    },
    "metasync": {
      "version": "0.3.8",
      "resolved": "https://registry.npmjs.org/metasync/-/metasync-0.3.8.tgz",
      "integrity": "sha512-W7M4Gspf4dlfM5z1np2eygB7YQJTRrJsPI7Ml2ZwOgIbbf8Du7gc28QI1H8C6UrSqoey4CH8ctxqsx8i76yXpQ==",
      "requires": {
        "metarhia-common": "0.0.22"
      }
    }
  }
}
